
Microsoft Visual Studio Solution File, Format Version 12.00
# Visual Studio Version 17
VisualStudioVersion = 17.14.36212.18 d17.14
MinimumVisualStudioVersion = 10.0.40219.1
Project("{FAE04EC0-301F-11D3-BF4B-00C04F79EFBC}") = "VirtualArtGallery", "VirtualArtGallery\VirtualArtGallery.csproj", "{18286E48-3F94-487C-BFF8-1E2DBD75D2EF}"
EndProject
Global
	GlobalSection(SolutionConfigurationPlatforms) = preSolution
		Debug|Any CPU = Debug|Any CPU
		Release|Any CPU = Release|Any CPU
	EndGlobalSection
	GlobalSection(ProjectConfigurationPlatforms) = postSolution
		{18286E48-3F94-487C-BFF8-1E2DBD75D2EF}.Debug|Any CPU.ActiveCfg = Debug|Any CPU
		{18286E48-3F94-487C-BFF8-1E2DBD75D2EF}.Debug|Any CPU.Build.0 = Debug|Any CPU
		{18286E48-3F94-487C-BFF8-1E2DBD75D2EF}.Release|Any CPU.ActiveCfg = Release|Any CPU
		{18286E48-3F94-487C-BFF8-1E2DBD75D2EF}.Release|Any CPU.Build.0 = Release|Any CPU
	EndGlobalSection
	GlobalSection(SolutionProperties) = preSolution
		HideSolutionNode = FALSE
	EndGlobalSection
	GlobalSection(ExtensibilityGlobals) = postSolution
		SolutionGuid = {B15A6CBB-A477-4F54-B61A-07A170B5AD71}
	EndGlobalSection
EndGlobal
